
Microsoft Visual Studio Solution File, Format Version 12.00
Project("{FAE04EC0-301F-11D3-BF4B-00C04F79EFBC}") = "b_led", "b_led\b_led.csproj", "{8902B9DF-8BF0-48CE-B4D2-8E17748CF39E}"
EndProject
Project("{2150E333-8FDC-42A3-9474-1A3956D46DE8}") = "Solution Items", "Solution Items", "{E7CA10DE-8AFE-4693-A0FD-71CC7F8C1074}"
	ProjectSection(SolutionItems) = preProject
		.gitignore = .gitignore
		.gitmodules = .gitmodules
	EndProjectSection
EndProject
Project("{FAE04EC0-301F-11D3-BF4B-00C04F79EFBC}") = "SharpFFTW", "modules\SharpFFTW\SharpFFTW\SharpFFTW.csproj", "{3CB7E538-059A-4093-A0B9-30EE94FA8A2B}"
EndProject
Project("{FAE04EC0-301F-11D3-BF4B-00C04F79EFBC}") = "b_led.native", "b_led.native\b_led.native.csproj", "{E309DE8B-CF00-4D1B-BCF4-26C32807D2EB}"
EndProject
Global
	GlobalSection(SolutionConfigurationPlatforms) = preSolution
		Debug|Any CPU = Debug|Any CPU
		Release|Any CPU = Release|Any CPU
	EndGlobalSection
	GlobalSection(ProjectConfigurationPlatforms) = postSolution
		{8902B9DF-8BF0-48CE-B4D2-8E17748CF39E}.Debug|Any CPU.ActiveCfg = Debug|Any CPU
		{8902B9DF-8BF0-48CE-B4D2-8E17748CF39E}.Debug|Any CPU.Build.0 = Debug|Any CPU
		{8902B9DF-8BF0-48CE-B4D2-8E17748CF39E}.Release|Any CPU.ActiveCfg = Release|Any CPU
		{8902B9DF-8BF0-48CE-B4D2-8E17748CF39E}.Release|Any CPU.Build.0 = Release|Any CPU
		{3CB7E538-059A-4093-A0B9-30EE94FA8A2B}.Debug|Any CPU.ActiveCfg = Debug|Any CPU
		{3CB7E538-059A-4093-A0B9-30EE94FA8A2B}.Debug|Any CPU.Build.0 = Debug|Any CPU
		{3CB7E538-059A-4093-A0B9-30EE94FA8A2B}.Release|Any CPU.ActiveCfg = Release|Any CPU
		{3CB7E538-059A-4093-A0B9-30EE94FA8A2B}.Release|Any CPU.Build.0 = Release|Any CPU
		{E309DE8B-CF00-4D1B-BCF4-26C32807D2EB}.Release|Any CPU.ActiveCfg = Release|Any CPU
		{E309DE8B-CF00-4D1B-BCF4-26C32807D2EB}.Release|Any CPU.Build.0 = Release|Any CPU
		{E309DE8B-CF00-4D1B-BCF4-26C32807D2EB}.Debug|Any CPU.ActiveCfg = Release|Any CPU
		{E309DE8B-CF00-4D1B-BCF4-26C32807D2EB}.Debug|Any CPU.Build.0 = Release|Any CPU
	EndGlobalSection
EndGlobal
